
Microsoft Visual Studio Solution File, Format Version 12.00
# Visual Studio Version 16
VisualStudioVersion = 16.0.30907.101
MinimumVisualStudioVersion = 10.0.40219.1
Project("{9A19103F-16F7-4668-BE54-9A1E7A4F7556}") = "Entities", "Entities\Entities.csproj", "{70CA1BCE-F0D4-4EFA-B718-C1530E0B2F43}"
EndProject
Project("{9A19103F-16F7-4668-BE54-9A1E7A4F7556}") = "DataAccess", "DataAccess\DataAccess.csproj", "{8297A432-EE84-42EC-8764-820E4F9BD3E5}"
EndProject
Project("{9A19103F-16F7-4668-BE54-9A1E7A4F7556}") = "Business", "Business\Business.csproj", "{FAD8223C-BE44-4D13-AF78-B14951DE283D}"
EndProject
Project("{9A19103F-16F7-4668-BE54-9A1E7A4F7556}") = "Core", "Core\Core.csproj", "{053E1725-F045-4A8D-825C-23487D8442A4}"
EndProject
Project("{9A19103F-16F7-4668-BE54-9A1E7A4F7556}") = "ConsoleUI", "ConsoleApp\ConsoleUI.csproj", "{E4D61F2E-4619-45F0-93A1-07F9BE5A3075}"
EndProject
Project("{9A19103F-16F7-4668-BE54-9A1E7A4F7556}") = "WebAPI", "WebAPI\WebAPI.csproj", "{A0F555A9-0AB4-4276-A35B-F1DBB105D80F}"
EndProject
Global
	GlobalSection(SolutionConfigurationPlatforms) = preSolution
		Debug|Any CPU = Debug|Any CPU
		Release|Any CPU = Release|Any CPU
	EndGlobalSection
	GlobalSection(ProjectConfigurationPlatforms) = postSolution
		{70CA1BCE-F0D4-4EFA-B718-C1530E0B2F43}.Debug|Any CPU.ActiveCfg = Debug|Any CPU
		{70CA1BCE-F0D4-4EFA-B718-C1530E0B2F43}.Debug|Any CPU.Build.0 = Debug|Any CPU
		{70CA1BCE-F0D4-4EFA-B718-C1530E0B2F43}.Release|Any CPU.ActiveCfg = Release|Any CPU
		{70CA1BCE-F0D4-4EFA-B718-C1530E0B2F43}.Release|Any CPU.Build.0 = Release|Any CPU
		{8297A432-EE84-42EC-8764-820E4F9BD3E5}.Debug|Any CPU.ActiveCfg = Debug|Any CPU
		{8297A432-EE84-42EC-8764-820E4F9BD3E5}.Debug|Any CPU.Build.0 = Debug|Any CPU
		{8297A432-EE84-42EC-8764-820E4F9BD3E5}.Release|Any CPU.ActiveCfg = Release|Any CPU
		{8297A432-EE84-42EC-8764-820E4F9BD3E5}.Release|Any CPU.Build.0 = Release|Any CPU
		{FAD8223C-BE44-4D13-AF78-B14951DE283D}.Debug|Any CPU.ActiveCfg = Debug|Any CPU
		{FAD8223C-BE44-4D13-AF78-B14951DE283D}.Debug|Any CPU.Build.0 = Debug|Any CPU
		{FAD8223C-BE44-4D13-AF78-B14951DE283D}.Release|Any CPU.ActiveCfg = Release|Any CPU
		{FAD8223C-BE44-4D13-AF78-B14951DE283D}.Release|Any CPU.Build.0 = Release|Any CPU
		{053E1725-F045-4A8D-825C-23487D8442A4}.Debug|Any CPU.ActiveCfg = Debug|Any CPU
		{053E1725-F045-4A8D-825C-23487D8442A4}.Debug|Any CPU.Build.0 = Debug|Any CPU
		{053E1725-F045-4A8D-825C-23487D8442A4}.Release|Any CPU.ActiveCfg = Release|Any CPU
		{053E1725-F045-4A8D-825C-23487D8442A4}.Release|Any CPU.Build.0 = Release|Any CPU
		{E4D61F2E-4619-45F0-93A1-07F9BE5A3075}.Debug|Any CPU.ActiveCfg = Debug|Any CPU
		{E4D61F2E-4619-45F0-93A1-07F9BE5A3075}.Debug|Any CPU.Build.0 = Debug|Any CPU
		{E4D61F2E-4619-45F0-93A1-07F9BE5A3075}.Release|Any CPU.ActiveCfg = Release|Any CPU
		{E4D61F2E-4619-45F0-93A1-07F9BE5A3075}.Release|Any CPU.Build.0 = Release|Any CPU
		{A0F555A9-0AB4-4276-A35B-F1DBB105D80F}.Debug|Any CPU.ActiveCfg = Debug|Any CPU
		{A0F555A9-0AB4-4276-A35B-F1DBB105D80F}.Debug|Any CPU.Build.0 = Debug|Any CPU
		{A0F555A9-0AB4-4276-A35B-F1DBB105D80F}.Release|Any CPU.ActiveCfg = Release|Any CPU
		{A0F555A9-0AB4-4276-A35B-F1DBB105D80F}.Release|Any CPU.Build.0 = Release|Any CPU
	EndGlobalSection
	GlobalSection(SolutionProperties) = preSolution
		HideSolutionNode = FALSE
	EndGlobalSection
	GlobalSection(ExtensibilityGlobals) = postSolution
		SolutionGuid = {C538CEEE-B0C8-4E18-A29E-739D0C45C604}
	EndGlobalSection
EndGlobal
